
Microsoft Visual Studio Solution File, Format Version 12.00
# Visual Studio Version 17
VisualStudioVersion = 17.11.35312.102
MinimumVisualStudioVersion = 10.0.40219.1
Project("{9A19103F-16F7-4668-BE54-9A1E7A4F7556}") = "AppPortifolio", "AppPortifolio.csproj", "{4D3F186B-8EAD-4CDD-BEA0-068A2C3C9820}"
EndProject
Global
	GlobalSection(SolutionConfigurationPlatforms) = preSolution
		Debug|Any CPU = Debug|Any CPU
		Release|Any CPU = Release|Any CPU
	EndGlobalSection
	GlobalSection(ProjectConfigurationPlatforms) = postSolution
		{4D3F186B-8EAD-4CDD-BEA0-068A2C3C9820}.Debug|Any CPU.ActiveCfg = Debug|Any CPU
		{4D3F186B-8EAD-4CDD-BEA0-068A2C3C9820}.Debug|Any CPU.Build.0 = Debug|Any CPU
		{4D3F186B-8EAD-4CDD-BEA0-068A2C3C9820}.Release|Any CPU.ActiveCfg = Release|Any CPU
		{4D3F186B-8EAD-4CDD-BEA0-068A2C3C9820}.Release|Any CPU.Build.0 = Release|Any CPU
	EndGlobalSection
	GlobalSection(SolutionProperties) = preSolution
		HideSolutionNode = FALSE
	EndGlobalSection
	GlobalSection(ExtensibilityGlobals) = postSolution
		SolutionGuid = {AAE27CE0-22C2-4FA6-96EE-74C3750898F0}
	EndGlobalSection
EndGlobal
